
Microsoft Visual Studio Solution File, Format Version 12.00
# Visual Studio Version 16
VisualStudioVersion = 16.0.32002.261
MinimumVisualStudioVersion = 10.0.40219.1
Project("{FAE04EC0-301F-11D3-BF4B-00C04F79EFBC}") = "ConsoleApp1", "ConsoleApp1\ConsoleApp1.csproj", "{15C0533E-6894-46B8-89D1-0C5A9DC7AD2F}"
EndProject
Global
	GlobalSection(SolutionConfigurationPlatforms) = preSolution
		Debug|Any CPU = Debug|Any CPU
		Release|Any CPU = Release|Any CPU
	EndGlobalSection
	GlobalSection(ProjectConfigurationPlatforms) = postSolution
		{15C0533E-6894-46B8-89D1-0C5A9DC7AD2F}.Debug|Any CPU.ActiveCfg = Debug|Any CPU
		{15C0533E-6894-46B8-89D1-0C5A9DC7AD2F}.Debug|Any CPU.Build.0 = Debug|Any CPU
		{15C0533E-6894-46B8-89D1-0C5A9DC7AD2F}.Release|Any CPU.ActiveCfg = Release|Any CPU
		{15C0533E-6894-46B8-89D1-0C5A9DC7AD2F}.Release|Any CPU.Build.0 = Release|Any CPU
	EndGlobalSection
	GlobalSection(SolutionProperties) = preSolution
		HideSolutionNode = FALSE
	EndGlobalSection
	GlobalSection(ExtensibilityGlobals) = postSolution
		SolutionGuid = {4195F775-DA19-4EDC-94F7-D327C3690AD0}
	EndGlobalSection
EndGlobal
